
Microsoft Visual Studio Solution File, Format Version 12.00
# Visual Studio Version 17
VisualStudioVersion = 17.14.36401.2
MinimumVisualStudioVersion = 10.0.40219.1
Project("{FAE04EC0-301F-11D3-BF4B-00C04F79EFBC}") = "PRG_281_Project", "my part\PRG_281_Project.csproj", "{4FA40D9E-DDB4-4269-934C-E7762E750C32}"
EndProject
Global
	GlobalSection(SolutionConfigurationPlatforms) = preSolution
		Debug|Any CPU = Debug|Any CPU
		Release|Any CPU = Release|Any CPU
	EndGlobalSection
	GlobalSection(ProjectConfigurationPlatforms) = postSolution
		{4FA40D9E-DDB4-4269-934C-E7762E750C32}.Debug|Any CPU.ActiveCfg = Debug|Any CPU
		{4FA40D9E-DDB4-4269-934C-E7762E750C32}.Debug|Any CPU.Build.0 = Debug|Any CPU
		{4FA40D9E-DDB4-4269-934C-E7762E750C32}.Release|Any CPU.ActiveCfg = Release|Any CPU
		{4FA40D9E-DDB4-4269-934C-E7762E750C32}.Release|Any CPU.Build.0 = Release|Any CPU
	EndGlobalSection
	GlobalSection(SolutionProperties) = preSolution
		HideSolutionNode = FALSE
	EndGlobalSection
	GlobalSection(ExtensibilityGlobals) = postSolution
		SolutionGuid = {B4288D48-17E3-4F8D-B096-B9536FFCCC08}
	EndGlobalSection
EndGlobal
